// !$*UTF8*$!
{
	archiveVersion = 1;
	classes = {
	};
	objectVersion = 46;
	objects = {

/* Begin PBXBuildFile section */
		1D9D4BB71DDE0A39005048CA /* main.m in Sources */ = {isa = PBXBuildFile; fileRef = 1D9D4BB61DDE0A39005048CA /* main.m */; };
		1D9D4BBA1DDE0A39005048CA /* AppDelegate.m in Sources */ = {isa = PBXBuildFile; fileRef = 1D9D4BB91DDE0A39005048CA /* AppDelegate.m */; };
		1D9D4BBD1DDE0A39005048CA /* ViewController.m in Sources */ = {isa = PBXBuildFile; fileRef = 1D9D4BBC1DDE0A39005048CA /* ViewController.m */; };
		1D9D4BC01DDE0A39005048CA /* Main.storyboard in Resources */ = {isa = PBXBuildFile; fileRef = 1D9D4BBE1DDE0A39005048CA /* Main.storyboard */; };
		1D9D4BC21DDE0A39005048CA /* Assets.xcassets in Resources */ = {isa = PBXBuildFile; fileRef = 1D9D4BC11DDE0A39005048CA /* Assets.xcassets */; };
		1D9D4BC51DDE0A39005048CA /* LaunchScreen.storyboard in Resources */ = {isa = PBXBuildFile; fileRef = 1D9D4BC31DDE0A39005048CA /* LaunchScreen.storyboard */; };
/* End PBXBuildFile section */

/* Begin PBXFileReference section */
		1D9D4BB21DDE0A39005048CA /* CoverFlowLayout.app */ = {isa = PBXFileReference; explicitFileType = wrapper.application; includeInIndex = 0; path = CoverFlowLayout.app; sourceTree = BUILT_PRODUCTS_DIR; };
		1D9D4BB61DDE0A39005048CA /* main.m */ = {isa = PBXFileReference; lastKnownFileType = sourcecode.c.objc; path = main.m; sourceTree = "<group>"; };
		1D9D4BB81DDE0A39005048CA /* AppDelegate.h */ = {isa = PBXFileReference; lastKnownFileType = sourcecode.c.h; path = AppDelegate.h; sourceTree = "<group>"; };
		1D9D4BB91DDE0A39005048CA /* AppDelegate.m */ = {isa = PBXFileReference; lastKnownFileType = sourcecode.c.objc; path = AppDelegate.m; sourceTree = "<group>"; };
		1D9D4BBB1DDE0A39005048CA /* ViewController.h */ = {isa = PBXFileReference; lastKnownFileType = sourcecode.c.h; path = ViewController.h; sourceTree = "<group>"; };
		1D9D4BBC1DDE0A39005048CA /* ViewController.m */ = {isa = PBXFileReference; lastKnownFileType = sourcecode.c.objc; path = ViewController.m; sourceTree = "<group>"; };
		1D9D4BBF1DDE0A39005048CA /* Base */ = {isa = PBXFileReference; lastKnownFileType = file.storyboard; name = Base; path = Base.lproj/Main.storyboard; sourceTree = "<group>"; };
		1D9D4BC11DDE0A39005048CA /* Assets.xcassets */ = {isa = PBXFileReference; lastKnownFileType = folder.assetcatalog; path = Assets.xcassets; sourceTree = "<group>"; };
		1D9D4BC41DDE0A39005048CA /* Base */ = {isa = PBXFileReference; lastKnownFileType = file.storyboard; name = Base; path = Base.lproj/LaunchScreen.storyboard; sourceTree = "<group>"; };
		1D9D4BC61DDE0A39005048CA /* Info.plist */ = {isa = PBXFileReference; lastKnownFileType = text.plist.xml; path = Info.plist; sourceTree = "<group>"; };
/* End PBXFileReference section */

/* Begin PBXFrameworksBuildPhase section */
		1D9D4BAF1DDE0A39005048CA /* Frameworks */ = {
			isa = PBXFrameworksBuildPhase;
			buildActionMask = 2147483647;
			files = (
			);
			runOnlyForDeploymentPostprocessing = 0;
		};
/* End PBXFrameworksBuildPhase section */

/* Begin PBXGroup section */
		1D9D4BA91DDE0A39005048CA = {
			isa = PBXGroup;
			children = (
				1D9D4BB41DDE0A39005048CA /* CoverFlowLayout */,
				1D9D4BB31DDE0A39005048CA /* Products */,
			);
			sourceTree = "<group>";
		};
		1D9D4BB31DDE0A39005048CA /* Products */ = {
			isa = PBXGroup;
			children = (
				1D9D4BB21DDE0A39005048CA /* CoverFlowLayout.app */,
			);
			name = Products;
			sourceTree = "<group>";
		};
		1D9D4BB41DDE0A39005048CA /* CoverFlowLayout */ = {
			isa = PBXGroup;
			children = (
				1D9D4BB81DDE0A39005048CA /* AppDelegate.h */,
				1D9D4BB91DDE0A39005048CA /* AppDelegate.m */,
				1D9D4BBB1DDE0A39005048CA /* ViewController.h */,
				1D9D4BBC1DDE0A39005048CA /* ViewController.m */,
				1D9D4BBE1DDE0A39005048CA /* Main.storyboard */,
				1D9D4BC11DDE0A39005048CA /* Assets.xcassets */,
				1D9D4BC31DDE0A39005048CA /* LaunchScreen.storyboard */,
				1D9D4BC61DDE0A39005048CA /* Info.plist */,
				1D9D4BB51DDE0A39005048CA /* Supporting Files */,
			);
			path = CoverFlowLayout;
			sourceTree = "<group>";
		};
		1D9D4BB51DDE0A39005048CA /* Supporting Files */ = {
			isa = PBXGroup;
			children = (
				1D9D4BB61DDE0A39005048CA /* main.m */,
			);
			name = "Supporting Files";
			sourceTree = "<group>";
		};
/* End PBXGroup section */

/* Begin PBXNativeTarget section */
		1D9D4BB11DDE0A39005048CA /* CoverFlowLayout */ = {
			isa = PBXNativeTarget;
			buildConfigurationList = 1D9D4BC91DDE0A39005048CA /* Build configuration list for PBXNativeTarget "CoverFlowLayout" */;
			buildPhases = (
				1D9D4BAE1DDE0A39005048CA /* Sources */,
				1D9D4BAF1DDE0A39005048CA /* Frameworks */,
				1D9D4BB01DDE0A39005048CA /* Resources */,
			);
			buildRules = (
			);
			dependencies = (
			);
			name = CoverFlowLayout;
			productName = CoverFlowLayout;
			productReference = 1D9D4BB21DDE0A39005048CA /* CoverFlowLayout.app */;
			productType = "com.apple.product-type.application";
		};
/* End PBXNativeTarget section */

/* Begin PBXProject section */
		1D9D4BAA1DDE0A39005048CA /* Project object */ = {
			isa = PBXProject;
			attributes = {
				LastUpgradeCheck = 0810;
				ORGANIZATIONNAME = "Erin Luu";
				TargetAttributes = {
					1D9D4BB11DDE0A39005048CA = {
						CreatedOnToolsVersion = 8.1;
						ProvisioningStyle = Automatic;
					};
				};
			};
			buildConfigurationList = 1D9D4BAD1DDE0A39005048CA /* Build configuration list for PBXProject "CoverFlowLayout" */;
			compatibilityVersion = "Xcode 3.2";
			developmentRegion = English;
			hasScannedForEncodings = 0;
			knownRegions = (
				en,
				Base,
			);
			mainGroup = 1D9D4BA91DDE0A39005048CA;
			productRefGroup = 1D9D4BB31DDE0A39005048CA /* Products */;
			projectDirPath = "";
			projectRoot = "";
			targets = (
				1D9D4BB11DDE0A39005048CA /* CoverFlowLayout */,
			);
		};
/* End PBXProject section */

/* Begin PBXResourcesBuildPhase section */
		1D9D4BB01DDE0A39005048CA /* Resources */ = {
			isa = PBXResourcesBuildPhase;
			buildActionMask = 2147483647;
			files = (
				1D9D4BC51DDE0A39005048CA /* LaunchScreen.storyboard in Resources */,
				1D9D4BC21DDE0A39005048CA /* Assets.xcassets in Resources */,
				1D9D4BC01DDE0A39005048CA /* Main.storyboard in Resources */,
			);
			runOnlyForDeploymentPostprocessing = 0;
		};
/* End PBXResourcesBuildPhase section */

/* Begin PBXSourcesBuildPhase section */
		1D9D4BAE1DDE0A39005048CA /* Sources */ = {
			isa = PBXSourcesBuildPhase;
			buildActionMask = 2147483647;
			files = (
				1D9D4BBD1DDE0A39005048CA /* ViewController.m in Sources */,
				1D9D4BBA1DDE0A39005048CA /* AppDelegate.m in Sources */,
				1D9D4BB71DDE0A39005048CA /* main.m in Sources */,
			);
			runOnlyForDeploymentPostprocessing = 0;
		};
/* End PBXSourcesBuildPhase section */

/* Begin PBXVariantGroup section */
		1D9D4BBE1DDE0A39005048CA /* Main.storyboard */ = {
			isa = PBXVariantGroup;
			children = (
				1D9D4BBF1DDE0A39005048CA /* Base */,
			);
			name = Main.storyboard;
			sourceTree = "<group>";
		};
		1D9D4BC31DDE0A39005048CA /* LaunchScreen.storyboard */ = {
			isa = PBXVariantGroup;
			children = (
				1D9D4BC41DDE0A39005048CA /* Base */,
			);
			name = LaunchScreen.storyboard;
			sourceTree = "<group>";
		};
/* End PBXVariantGroup section */

/* Begin XCBuildConfiguration section */
		1D9D4BC71DDE0A39005048CA /* Debug */ = {
			isa = XCBuildConfiguration;
			buildSettings = {
				ALWAYS_SEARCH_USER_PATHS = NO;
				CLANG_ANALYZER_NONNULL = YES;
				CLANG_CXX_LANGUAGE_STANDARD = "gnu++0x";
				CLANG_CXX_LIBRARY = "libc++";
				CLANG_ENABLE_MODULES = YES;
				CLANG_ENABLE_OBJC_ARC = YES;
				CLANG_WARN_BOOL_CONVERSION = YES;
				CLANG_WARN_CONSTANT_CONVERSION = YES;
				CLANG_WARN_DIRECT_OBJC_ISA_USAGE = YES_ERROR;
				CLANG_WARN_DOCUMENTATION_COMMENTS = YES;
				CLANG_WARN_EMPTY_BODY = YES;
				CLANG_WARN_ENUM_CONVERSION = YES;
				CLANG_WARN_INFINITE_RECURSION = YES;
				CLANG_WARN_INT_CONVERSION = YES;
				CLANG_WARN_OBJC_ROOT_CLASS = YES_ERROR;
				CLANG_WARN_SUSPICIOUS_MOVES = YES;
				CLANG_WARN_UNREACHABLE_CODE = YES;
				CLANG_WARN__DUPLICATE_METHOD_MATCH = YES;
				"CODE_SIGN_IDENTITY[sdk=iphoneos*]" = "iPhone Developer";
				COPY_PHASE_STRIP = NO;
				DEBUG_INFORMATION_FORMAT = dwarf;
				ENABLE_STRICT_OBJC_MSGSEND = YES;
				ENABLE_TESTABILITY = YES;
				GCC_C_LANGUAGE_STANDARD = gnu99;
				GCC_DYNAMIC_NO_PIC = NO;
				GCC_NO_COMMON_BLOCKS = YES;
				GCC_OPTIMIZATION_LEVEL = 0;
				GCC_PREPROCESSOR_DEFINITIONS = (
					"DEBUG=1",
					"$(inherited)",
				);
				GCC_WARN_64_TO_32_BIT_CONVERSION = YES;
				GCC_WARN_ABOUT_RETURN_TYPE = YES_ERROR;
				GCC_WARN_UNDECLARED_SELECTOR = YES;
				GCC_WARN_UNINITIALIZED_AUTOS = YES_AGGRESSIVE;
				GCC_WARN_UNUSED_FUNCTION = YES;
				GCC_WARN_UNUSED_VARIABLE = YES;
				IPHONEOS_DEPLOYMENT_TARGET = 10.1;
				MTL_ENABLE_DEBUG_INFO = YES;
				ONLY_ACTIVE_ARCH = YES;
				SDKROOT = iphoneos;
			};
			name = Debug;
		};
		1D9D4BC81DDE0A39005048CA /* Release */ = {
			isa = XCBuildConfiguration;
			buildSettings = {
				ALWAYS_SEARCH_USER_PATHS = NO;
				CLANG_ANALYZER_NONNULL = YES;
				CLANG_CXX_LANGUAGE_STANDARD = "gnu++0x";
				CLANG_CXX_LIBRARY = "libc++";
				CLANG_ENABLE_MODULES = YES;
				CLANG_ENABLE_OBJC_ARC = YES;
				CLANG_WARN_BOOL_CONVERSION = YES;
				CLANG_WARN_CONSTANT_CONVERSION = YES;
				CLANG_WARN_DIRECT_OBJC_ISA_USAGE = YES_ERROR;
				CLANG_WARN_DOCUMENTATION_COMMENTS = YES;
				CLANG_WARN_EMPTY_BODY = YES;
				CLANG_WARN_ENUM_CONVERSION = YES;
				CLANG_WARN_INFINITE_RECURSION = YES;
				CLANG_WARN_INT_CONVERSION = YES;
				CLANG_WARN_OBJC_ROOT_CLASS = YES_ERROR;
				CLANG_WARN_SUSPICIOUS_MOVES = YES;
				CLANG_WARN_UNREACHABLE_CODE = YES;
				CLANG_WARN__DUPLICATE_METHOD_MATCH = YES;
				"CODE_SIGN_IDENTITY[sdk=iphoneos*]" = "iPhone Developer";
				COPY_PHASE_STRIP = NO;
				DEBUG_INFORMATION_FORMAT = "dwarf-with-dsym";
				ENABLE_NS_ASSERTIONS = NO;
				ENABLE_STRICT_OBJC_MSGSEND = YES;
				GCC_C_LANGUAGE_STANDARD = gnu99;
				GCC_NO_COMMON_BLOCKS = YES;
				GCC_WARN_64_TO_32_BIT_CONVERSION = YES;
				GCC_WARN_ABOUT_RETURN_TYPE = YES_ERROR;
				GCC_WARN_UNDECLARED_SELECTOR = YES;
				GCC_WARN_UNINITIALIZED_AUTOS = YES_AGGRESSIVE;
				GCC_WARN_UNUSED_FUNCTION = YES;
				GCC_WARN_UNUSED_VARIABLE = YES;
				IPHONEOS_DEPLOYMENT_TARGET = 10.1;
				MTL_ENABLE_DEBUG_INFO = NO;
				SDKROOT = iphoneos;
				VALIDATE_PRODUCT = YES;
			};
			name = Release;
		};
		1D9D4BCA1DDE0A39005048CA /* Debug */ = {
			isa = XCBuildConfiguration;
			buildSettings = {
				ASSETCATALOG_COMPILER_APPICON_NAME = AppIcon;
				INFOPLIST_FILE = CoverFlowLayout/Info.plist;
				LD_RUNPATH_SEARCH_PATHS = "$(inherited) @executable_path/Frameworks";
				PRODUCT_BUNDLE_IDENTIFIER = com.erinluu.CoverFlowLayout;
				PRODUCT_NAME = "$(TARGET_NAME)";
			};
			name = Debug;
		};
		1D9D4BCB1DDE0A39005048CA /* Release */ = {
			isa = XCBuildConfiguration;
			buildSettings = {
				ASSETCATALOG_COMPILER_APPICON_NAME = AppIcon;
				INFOPLIST_FILE = CoverFlowLayout/Info.plist;
				LD_RUNPATH_SEARCH_PATHS = "$(inherited) @executable_path/Frameworks";
				PRODUCT_BUNDLE_IDENTIFIER = com.erinluu.CoverFlowLayout;
				PRODUCT_NAME = "$(TARGET_NAME)";
			};
			name = Release;
		};
/* End XCBuildConfiguration section */

/* Begin XCConfigurationList section */
		1D9D4BAD1DDE0A39005048CA /* Build configuration list for PBXProject "CoverFlowLayout" */ = {
			isa = XCConfigurationList;
			buildConfigurations = (
				1D9D4BC71DDE0A39005048CA /* Debug */,
				1D9D4BC81DDE0A39005048CA /* Release */,
			);
			defaultConfigurationIsVisible = 0;
			defaultConfigurationName = Release;
		};
		1D9D4BC91DDE0A39005048CA /* Build configuration list for PBXNativeTarget "CoverFlowLayout" */ = {
			isa = XCConfigurationList;
			buildConfigurations = (
				1D9D4BCA1DDE0A39005048CA /* Debug */,
				1D9D4BCB1DDE0A39005048CA /* Release */,
			);
			defaultConfigurationIsVisible = 0;
		};
/* End XCConfigurationList section */
	};
	rootObject = 1D9D4BAA1DDE0A39005048CA /* Project object */;
}
